// !$*UTF8*$!
{
	archiveVersion = 1;
	classes = {
	};
	objectVersion = 56;
	objects = {

/* Begin PBXBuildFile section */
		B7FB2D24298C0B7F0007402E /* AppDelegate.swift in Sources */ = {isa = PBXBuildFile; fileRef = B7FB2D23298C0B7F0007402E /* AppDelegate.swift */; };
		B7FB2D26298C0B7F0007402E /* SceneDelegate.swift in Sources */ = {isa = PBXBuildFile; fileRef = B7FB2D25298C0B7F0007402E /* SceneDelegate.swift */; };
		B7FB2D2E298C0B7F0007402E /* FoodJournalApp.xcdatamodeld in Sources */ = {isa = PBXBuildFile; fileRef = B7FB2D2C298C0B7F0007402E /* FoodJournalApp.xcdatamodeld */; };
		B7FB2D30298C0B800007402E /* Assets.xcassets in Resources */ = {isa = PBXBuildFile; fileRef = B7FB2D2F298C0B800007402E /* Assets.xcassets */; };
		B7FB2D33298C0B800007402E /* LaunchScreen.storyboard in Resources */ = {isa = PBXBuildFile; fileRef = B7FB2D31298C0B800007402E /* LaunchScreen.storyboard */; };
		B7FB2D43298C0BFA0007402E /* HomeVC.swift in Sources */ = {isa = PBXBuildFile; fileRef = B7FB2D41298C0BFA0007402E /* HomeVC.swift */; };
		B7FB2D44298C0BFA0007402E /* HomeVC.xib in Resources */ = {isa = PBXBuildFile; fileRef = B7FB2D42298C0BFA0007402E /* HomeVC.xib */; };
		B7FB2D46298C0C770007402E /* HomeVM.swift in Sources */ = {isa = PBXBuildFile; fileRef = B7FB2D45298C0C770007402E /* HomeVM.swift */; };
		B7FB2D49298C0CFE0007402E /* UIViewController + Extensions.swift in Sources */ = {isa = PBXBuildFile; fileRef = B7FB2D48298C0CFE0007402E /* UIViewController + Extensions.swift */; };
		B7FB2D4C298C0D560007402E /* UIScrollView_InfiniteScroll in Frameworks */ = {isa = PBXBuildFile; productRef = B7FB2D4B298C0D560007402E /* UIScrollView_InfiniteScroll */; };
		B7FB2D50298C0DD50007402E /* CreateFoodVC.swift in Sources */ = {isa = PBXBuildFile; fileRef = B7FB2D4E298C0DD50007402E /* CreateFoodVC.swift */; };
		B7FB2D51298C0DD50007402E /* CreateFoodVC.xib in Resources */ = {isa = PBXBuildFile; fileRef = B7FB2D4F298C0DD50007402E /* CreateFoodVC.xib */; };
		B7FB2D53298C0F9A0007402E /* CoreData Manager.swift in Sources */ = {isa = PBXBuildFile; fileRef = B7FB2D52298C0F9A0007402E /* CoreData Manager.swift */; };
		B7FB2D55298C0FF10007402E /* FoodModel.swift in Sources */ = {isa = PBXBuildFile; fileRef = B7FB2D54298C0FF10007402E /* FoodModel.swift */; };
		B7FB2D58298C13A30007402E /* HomeCell.swift in Sources */ = {isa = PBXBuildFile; fileRef = B7FB2D57298C13A30007402E /* HomeCell.swift */; };
		B7FB2D5A298C13D20007402E /* HomeCell.xib in Resources */ = {isa = PBXBuildFile; fileRef = B7FB2D59298C13D20007402E /* HomeCell.xib */; };
		B7FB2D5C298C1F8A0007402E /* CreateFoodVM.swift in Sources */ = {isa = PBXBuildFile; fileRef = B7FB2D5B298C1F8A0007402E /* CreateFoodVM.swift */; };
/* End PBXBuildFile section */

/* Begin PBXFileReference section */
		B7FB2D20298C0B7F0007402E /* FoodJournalApp.app */ = {isa = PBXFileReference; explicitFileType = wrapper.application; includeInIndex = 0; path = FoodJournalApp.app; sourceTree = BUILT_PRODUCTS_DIR; };
		B7FB2D23298C0B7F0007402E /* AppDelegate.swift */ = {isa = PBXFileReference; lastKnownFileType = sourcecode.swift; path = AppDelegate.swift; sourceTree = "<group>"; };
		B7FB2D25298C0B7F0007402E /* SceneDelegate.swift */ = {isa = PBXFileReference; lastKnownFileType = sourcecode.swift; path = SceneDelegate.swift; sourceTree = "<group>"; };
		B7FB2D2D298C0B7F0007402E /* FoodJournalApp.xcdatamodel */ = {isa = PBXFileReference; lastKnownFileType = wrapper.xcdatamodel; path = FoodJournalApp.xcdatamodel; sourceTree = "<group>"; };
		B7FB2D2F298C0B800007402E /* Assets.xcassets */ = {isa = PBXFileReference; lastKnownFileType = folder.assetcatalog; path = Assets.xcassets; sourceTree = "<group>"; };
		B7FB2D32298C0B800007402E /* Base */ = {isa = PBXFileReference; lastKnownFileType = file.storyboard; name = Base; path = Base.lproj/LaunchScreen.storyboard; sourceTree = "<group>"; };
		B7FB2D34298C0B800007402E /* Info.plist */ = {isa = PBXFileReference; lastKnownFileType = text.plist.xml; path = Info.plist; sourceTree = "<group>"; };
		B7FB2D41298C0BFA0007402E /* HomeVC.swift */ = {isa = PBXFileReference; lastKnownFileType = sourcecode.swift; path = HomeVC.swift; sourceTree = "<group>"; };
		B7FB2D42298C0BFA0007402E /* HomeVC.xib */ = {isa = PBXFileReference; lastKnownFileType = file.xib; path = HomeVC.xib; sourceTree = "<group>"; };
		B7FB2D45298C0C770007402E /* HomeVM.swift */ = {isa = PBXFileReference; lastKnownFileType = sourcecode.swift; path = HomeVM.swift; sourceTree = "<group>"; };
		B7FB2D48298C0CFE0007402E /* UIViewController + Extensions.swift */ = {isa = PBXFileReference; lastKnownFileType = sourcecode.swift; path = "UIViewController + Extensions.swift"; sourceTree = "<group>"; };
		B7FB2D4E298C0DD50007402E /* CreateFoodVC.swift */ = {isa = PBXFileReference; lastKnownFileType = sourcecode.swift; path = CreateFoodVC.swift; sourceTree = "<group>"; };
		B7FB2D4F298C0DD50007402E /* CreateFoodVC.xib */ = {isa = PBXFileReference; lastKnownFileType = file.xib; path = CreateFoodVC.xib; sourceTree = "<group>"; };
		B7FB2D52298C0F9A0007402E /* CoreData Manager.swift */ = {isa = PBXFileReference; lastKnownFileType = sourcecode.swift; path = "CoreData Manager.swift"; sourceTree = "<group>"; };
		B7FB2D54298C0FF10007402E /* FoodModel.swift */ = {isa = PBXFileReference; lastKnownFileType = sourcecode.swift; path = FoodModel.swift; sourceTree = "<group>"; };
		B7FB2D57298C13A30007402E /* HomeCell.swift */ = {isa = PBXFileReference; lastKnownFileType = sourcecode.swift; path = HomeCell.swift; sourceTree = "<group>"; };
		B7FB2D59298C13D20007402E /* HomeCell.xib */ = {isa = PBXFileReference; lastKnownFileType = file.xib; path = HomeCell.xib; sourceTree = "<group>"; };
		B7FB2D5B298C1F8A0007402E /* CreateFoodVM.swift */ = {isa = PBXFileReference; lastKnownFileType = sourcecode.swift; path = CreateFoodVM.swift; sourceTree = "<group>"; };
/* End PBXFileReference section */

/* Begin PBXFrameworksBuildPhase section */
		B7FB2D1D298C0B7F0007402E /* Frameworks */ = {
			isa = PBXFrameworksBuildPhase;
			buildActionMask = 2147483647;
			files = (
				B7FB2D4C298C0D560007402E /* UIScrollView_InfiniteScroll in Frameworks */,
			);
			runOnlyForDeploymentPostprocessing = 0;
		};
/* End PBXFrameworksBuildPhase section */

/* Begin PBXGroup section */
		B7FB2D17298C0B7F0007402E = {
			isa = PBXGroup;
			children = (
				B7FB2D22298C0B7F0007402E /* FoodJournalApp */,
				B7FB2D21298C0B7F0007402E /* Products */,
			);
			sourceTree = "<group>";
		};
		B7FB2D21298C0B7F0007402E /* Products */ = {
			isa = PBXGroup;
			children = (
				B7FB2D20298C0B7F0007402E /* FoodJournalApp.app */,
			);
			name = Products;
			sourceTree = "<group>";
		};
		B7FB2D22298C0B7F0007402E /* FoodJournalApp */ = {
			isa = PBXGroup;
			children = (
				B7FB2D40298C0BAA0007402E /* Helpers */,
				B7FB2D3F298C0BA30007402E /* Extensions */,
				B7FB2D3E298C0B9D0007402E /* Model */,
				B7FB2D3D298C0B980007402E /* Assets */,
				B7FB2D3C298C0B930007402E /* App */,
				B7FB2D3A298C0B8A0007402E /* UI */,
			);
			path = FoodJournalApp;
			sourceTree = "<group>";
		};
		B7FB2D3A298C0B8A0007402E /* UI */ = {
			isa = PBXGroup;
			children = (
				B7FB2D4D298C0D8E0007402E /* CreateFood */,
				B7FB2D47298C0C870007402E /* Home */,
				B7FB2D31298C0B800007402E /* LaunchScreen.storyboard */,
			);
			path = UI;
			sourceTree = "<group>";
		};
		B7FB2D3C298C0B930007402E /* App */ = {
			isa = PBXGroup;
			children = (
				B7FB2D23298C0B7F0007402E /* AppDelegate.swift */,
				B7FB2D25298C0B7F0007402E /* SceneDelegate.swift */,
				B7FB2D34298C0B800007402E /* Info.plist */,
				B7FB2D2C298C0B7F0007402E /* FoodJournalApp.xcdatamodeld */,
			);
			path = App;
			sourceTree = "<group>";
		};
		B7FB2D3D298C0B980007402E /* Assets */ = {
			isa = PBXGroup;
			children = (
				B7FB2D2F298C0B800007402E /* Assets.xcassets */,
			);
			path = Assets;
			sourceTree = "<group>";
		};
		B7FB2D3E298C0B9D0007402E /* Model */ = {
			isa = PBXGroup;
			children = (
				B7FB2D54298C0FF10007402E /* FoodModel.swift */,
			);
			path = Model;
			sourceTree = "<group>";
		};
		B7FB2D3F298C0BA30007402E /* Extensions */ = {
			isa = PBXGroup;
			children = (
				B7FB2D48298C0CFE0007402E /* UIViewController + Extensions.swift */,
			);
			path = Extensions;
			sourceTree = "<group>";
		};
		B7FB2D40298C0BAA0007402E /* Helpers */ = {
			isa = PBXGroup;
			children = (
				B7FB2D52298C0F9A0007402E /* CoreData Manager.swift */,
			);
			path = Helpers;
			sourceTree = "<group>";
		};
		B7FB2D47298C0C870007402E /* Home */ = {
			isa = PBXGroup;
			children = (
				B7FB2D56298C12F90007402E /* Cell */,
				B7FB2D42298C0BFA0007402E /* HomeVC.xib */,
				B7FB2D41298C0BFA0007402E /* HomeVC.swift */,
				B7FB2D45298C0C770007402E /* HomeVM.swift */,
			);
			path = Home;
			sourceTree = "<group>";
		};
		B7FB2D4D298C0D8E0007402E /* CreateFood */ = {
			isa = PBXGroup;
			children = (
				B7FB2D4E298C0DD50007402E /* CreateFoodVC.swift */,
				B7FB2D4F298C0DD50007402E /* CreateFoodVC.xib */,
				B7FB2D5B298C1F8A0007402E /* CreateFoodVM.swift */,
			);
			path = CreateFood;
			sourceTree = "<group>";
		};
		B7FB2D56298C12F90007402E /* Cell */ = {
			isa = PBXGroup;
			children = (
				B7FB2D57298C13A30007402E /* HomeCell.swift */,
				B7FB2D59298C13D20007402E /* HomeCell.xib */,
			);
			path = Cell;
			sourceTree = "<group>";
		};
/* End PBXGroup section */

/* Begin PBXNativeTarget section */
		B7FB2D1F298C0B7F0007402E /* FoodJournalApp */ = {
			isa = PBXNativeTarget;
			buildConfigurationList = B7FB2D37298C0B800007402E /* Build configuration list for PBXNativeTarget "FoodJournalApp" */;
			buildPhases = (
				B7FB2D1C298C0B7F0007402E /* Sources */,
				B7FB2D1D298C0B7F0007402E /* Frameworks */,
				B7FB2D1E298C0B7F0007402E /* Resources */,
			);
			buildRules = (
			);
			dependencies = (
			);
			name = FoodJournalApp;
			packageProductDependencies = (
				B7FB2D4B298C0D560007402E /* UIScrollView_InfiniteScroll */,
			);
			productName = FoodJournalApp;
			productReference = B7FB2D20298C0B7F0007402E /* FoodJournalApp.app */;
			productType = "com.apple.product-type.application";
		};
/* End PBXNativeTarget section */

/* Begin PBXProject section */
		B7FB2D18298C0B7F0007402E /* Project object */ = {
			isa = PBXProject;
			attributes = {
				BuildIndependentTargetsInParallel = 1;
				LastSwiftUpdateCheck = 1420;
				LastUpgradeCheck = 1420;
				TargetAttributes = {
					B7FB2D1F298C0B7F0007402E = {
						CreatedOnToolsVersion = 14.2;
					};
				};
			};
			buildConfigurationList = B7FB2D1B298C0B7F0007402E /* Build configuration list for PBXProject "FoodJournalApp" */;
			compatibilityVersion = "Xcode 14.0";
			developmentRegion = en;
			hasScannedForEncodings = 0;
			knownRegions = (
				en,
				Base,
			);
			mainGroup = B7FB2D17298C0B7F0007402E;
			packageReferences = (
				B7FB2D4A298C0D560007402E /* XCRemoteSwiftPackageReference "UIScrollView-InfiniteScroll" */,
			);
			productRefGroup = B7FB2D21298C0B7F0007402E /* Products */;
			projectDirPath = "";
			projectRoot = "";
			targets = (
				B7FB2D1F298C0B7F0007402E /* FoodJournalApp */,
			);
		};
/* End PBXProject section */

/* Begin PBXResourcesBuildPhase section */
		B7FB2D1E298C0B7F0007402E /* Resources */ = {
			isa = PBXResourcesBuildPhase;
			buildActionMask = 2147483647;
			files = (
				B7FB2D33298C0B800007402E /* LaunchScreen.storyboard in Resources */,
				B7FB2D44298C0BFA0007402E /* HomeVC.xib in Resources */,
				B7FB2D51298C0DD50007402E /* CreateFoodVC.xib in Resources */,
				B7FB2D30298C0B800007402E /* Assets.xcassets in Resources */,
				B7FB2D5A298C13D20007402E /* HomeCell.xib in Resources */,
			);
			runOnlyForDeploymentPostprocessing = 0;
		};
/* End PBXResourcesBuildPhase section */

/* Begin PBXSourcesBuildPhase section */
		B7FB2D1C298C0B7F0007402E /* Sources */ = {
			isa = PBXSourcesBuildPhase;
			buildActionMask = 2147483647;
			files = (
				B7FB2D24298C0B7F0007402E /* AppDelegate.swift in Sources */,
				B7FB2D46298C0C770007402E /* HomeVM.swift in Sources */,
				B7FB2D50298C0DD50007402E /* CreateFoodVC.swift in Sources */,
				B7FB2D43298C0BFA0007402E /* HomeVC.swift in Sources */,
				B7FB2D58298C13A30007402E /* HomeCell.swift in Sources */,
				B7FB2D5C298C1F8A0007402E /* CreateFoodVM.swift in Sources */,
				B7FB2D26298C0B7F0007402E /* SceneDelegate.swift in Sources */,
				B7FB2D49298C0CFE0007402E /* UIViewController + Extensions.swift in Sources */,
				B7FB2D55298C0FF10007402E /* FoodModel.swift in Sources */,
				B7FB2D2E298C0B7F0007402E /* FoodJournalApp.xcdatamodeld in Sources */,
				B7FB2D53298C0F9A0007402E /* CoreData Manager.swift in Sources */,
			);
			runOnlyForDeploymentPostprocessing = 0;
		};
/* End PBXSourcesBuildPhase section */

/* Begin PBXVariantGroup section */
		B7FB2D31298C0B800007402E /* LaunchScreen.storyboard */ = {
			isa = PBXVariantGroup;
			children = (
				B7FB2D32298C0B800007402E /* Base */,
			);
			name = LaunchScreen.storyboard;
			sourceTree = "<group>";
		};
/* End PBXVariantGroup section */

/* Begin XCBuildConfiguration section */
		B7FB2D35298C0B800007402E /* Debug */ = {
			isa = XCBuildConfiguration;
			buildSettings = {
				ALWAYS_SEARCH_USER_PATHS = NO;
				CLANG_ANALYZER_NONNULL = YES;
				CLANG_ANALYZER_NUMBER_OBJECT_CONVERSION = YES_AGGRESSIVE;
				CLANG_CXX_LANGUAGE_STANDARD = "gnu++20";
				CLANG_ENABLE_MODULES = YES;
				CLANG_ENABLE_OBJC_ARC = YES;
				CLANG_ENABLE_OBJC_WEAK = YES;
				CLANG_WARN_BLOCK_CAPTURE_AUTORELEASING = YES;
				CLANG_WARN_BOOL_CONVERSION = YES;
				CLANG_WARN_COMMA = YES;
				CLANG_WARN_CONSTANT_CONVERSION = YES;
				CLANG_WARN_DEPRECATED_OBJC_IMPLEMENTATIONS = YES;
				CLANG_WARN_DIRECT_OBJC_ISA_USAGE = YES_ERROR;
				CLANG_WARN_DOCUMENTATION_COMMENTS = YES;
				CLANG_WARN_EMPTY_BODY = YES;
				CLANG_WARN_ENUM_CONVERSION = YES;
				CLANG_WARN_INFINITE_RECURSION = YES;
				CLANG_WARN_INT_CONVERSION = YES;
				CLANG_WARN_NON_LITERAL_NULL_CONVERSION = YES;
				CLANG_WARN_OBJC_IMPLICIT_RETAIN_SELF = YES;
				CLANG_WARN_OBJC_LITERAL_CONVERSION = YES;
				CLANG_WARN_OBJC_ROOT_CLASS = YES_ERROR;
				CLANG_WARN_QUOTED_INCLUDE_IN_FRAMEWORK_HEADER = YES;
				CLANG_WARN_RANGE_LOOP_ANALYSIS = YES;
				CLANG_WARN_STRICT_PROTOTYPES = YES;
				CLANG_WARN_SUSPICIOUS_MOVE = YES;
				CLANG_WARN_UNGUARDED_AVAILABILITY = YES_AGGRESSIVE;
				CLANG_WARN_UNREACHABLE_CODE = YES;
				CLANG_WARN__DUPLICATE_METHOD_MATCH = YES;
				COPY_PHASE_STRIP = NO;
				DEBUG_INFORMATION_FORMAT = dwarf;
				ENABLE_STRICT_OBJC_MSGSEND = YES;
				ENABLE_TESTABILITY = YES;
				GCC_C_LANGUAGE_STANDARD = gnu11;
				GCC_DYNAMIC_NO_PIC = NO;
				GCC_NO_COMMON_BLOCKS = YES;
				GCC_OPTIMIZATION_LEVEL = 0;
				GCC_PREPROCESSOR_DEFINITIONS = (
					"DEBUG=1",
					"$(inherited)",
				);
				GCC_WARN_64_TO_32_BIT_CONVERSION = YES;
				GCC_WARN_ABOUT_RETURN_TYPE = YES_ERROR;
				GCC_WARN_UNDECLARED_SELECTOR = YES;
				GCC_WARN_UNINITIALIZED_AUTOS = YES_AGGRESSIVE;
				GCC_WARN_UNUSED_FUNCTION = YES;
				GCC_WARN_UNUSED_VARIABLE = YES;
				IPHONEOS_DEPLOYMENT_TARGET = 16.2;
				MTL_ENABLE_DEBUG_INFO = INCLUDE_SOURCE;
				MTL_FAST_MATH = YES;
				ONLY_ACTIVE_ARCH = YES;
				SDKROOT = iphoneos;
				SWIFT_ACTIVE_COMPILATION_CONDITIONS = DEBUG;
				SWIFT_OPTIMIZATION_LEVEL = "-Onone";
			};
			name = Debug;
		};
		B7FB2D36298C0B800007402E /* Release */ = {
			isa = XCBuildConfiguration;
			buildSettings = {
				ALWAYS_SEARCH_USER_PATHS = NO;
				CLANG_ANALYZER_NONNULL = YES;
				CLANG_ANALYZER_NUMBER_OBJECT_CONVERSION = YES_AGGRESSIVE;
				CLANG_CXX_LANGUAGE_STANDARD = "gnu++20";
				CLANG_ENABLE_MODULES = YES;
				CLANG_ENABLE_OBJC_ARC = YES;
				CLANG_ENABLE_OBJC_WEAK = YES;
				CLANG_WARN_BLOCK_CAPTURE_AUTORELEASING = YES;
				CLANG_WARN_BOOL_CONVERSION = YES;
				CLANG_WARN_COMMA = YES;
				CLANG_WARN_CONSTANT_CONVERSION = YES;
				CLANG_WARN_DEPRECATED_OBJC_IMPLEMENTATIONS = YES;
				CLANG_WARN_DIRECT_OBJC_ISA_USAGE = YES_ERROR;
				CLANG_WARN_DOCUMENTATION_COMMENTS = YES;
				CLANG_WARN_EMPTY_BODY = YES;
				CLANG_WARN_ENUM_CONVERSION = YES;
				CLANG_WARN_INFINITE_RECURSION = YES;
				CLANG_WARN_INT_CONVERSION = YES;
				CLANG_WARN_NON_LITERAL_NULL_CONVERSION = YES;
				CLANG_WARN_OBJC_IMPLICIT_RETAIN_SELF = YES;
				CLANG_WARN_OBJC_LITERAL_CONVERSION = YES;
				CLANG_WARN_OBJC_ROOT_CLASS = YES_ERROR;
				CLANG_WARN_QUOTED_INCLUDE_IN_FRAMEWORK_HEADER = YES;
				CLANG_WARN_RANGE_LOOP_ANALYSIS = YES;
				CLANG_WARN_STRICT_PROTOTYPES = YES;
				CLANG_WARN_SUSPICIOUS_MOVE = YES;
				CLANG_WARN_UNGUARDED_AVAILABILITY = YES_AGGRESSIVE;
				CLANG_WARN_UNREACHABLE_CODE = YES;
				CLANG_WARN__DUPLICATE_METHOD_MATCH = YES;
				COPY_PHASE_STRIP = NO;
				DEBUG_INFORMATION_FORMAT = "dwarf-with-dsym";
				ENABLE_NS_ASSERTIONS = NO;
				ENABLE_STRICT_OBJC_MSGSEND = YES;
				GCC_C_LANGUAGE_STANDARD = gnu11;
				GCC_NO_COMMON_BLOCKS = YES;
				GCC_WARN_64_TO_32_BIT_CONVERSION = YES;
				GCC_WARN_ABOUT_RETURN_TYPE = YES_ERROR;
				GCC_WARN_UNDECLARED_SELECTOR = YES;
				GCC_WARN_UNINITIALIZED_AUTOS = YES_AGGRESSIVE;
				GCC_WARN_UNUSED_FUNCTION = YES;
				GCC_WARN_UNUSED_VARIABLE = YES;
				IPHONEOS_DEPLOYMENT_TARGET = 16.2;
				MTL_ENABLE_DEBUG_INFO = NO;
				MTL_FAST_MATH = YES;
				SDKROOT = iphoneos;
				SWIFT_COMPILATION_MODE = wholemodule;
				SWIFT_OPTIMIZATION_LEVEL = "-O";
				VALIDATE_PRODUCT = YES;
			};
			name = Release;
		};
		B7FB2D38298C0B800007402E /* Debug */ = {
			isa = XCBuildConfiguration;
			buildSettings = {
				ASSETCATALOG_COMPILER_APPICON_NAME = AppIcon;
				ASSETCATALOG_COMPILER_GLOBAL_ACCENT_COLOR_NAME = AccentColor;
				CODE_SIGN_STYLE = Automatic;
				CURRENT_PROJECT_VERSION = 1;
				DEVELOPMENT_TEAM = L24C9CN3G6;
				GENERATE_INFOPLIST_FILE = YES;
				INFOPLIST_FILE = FoodJournalApp/App/Info.plist;
				INFOPLIST_KEY_UIApplicationSupportsIndirectInputEvents = YES;
				INFOPLIST_KEY_UILaunchStoryboardName = LaunchScreen;
				INFOPLIST_KEY_UISupportedInterfaceOrientations_iPad = "UIInterfaceOrientationPortrait UIInterfaceOrientationPortraitUpsideDown UIInterfaceOrientationLandscapeLeft UIInterfaceOrientationLandscapeRight";
				INFOPLIST_KEY_UISupportedInterfaceOrientations_iPhone = "UIInterfaceOrientationPortrait UIInterfaceOrientationLandscapeLeft UIInterfaceOrientationLandscapeRight";
				LD_RUNPATH_SEARCH_PATHS = (
					"$(inherited)",
					"@executable_path/Frameworks",
				);
				MARKETING_VERSION = 1.0;
				PRODUCT_BUNDLE_IDENTIFIER = HakanAdanur.FoodJournalApp;
				PRODUCT_NAME = "$(TARGET_NAME)";
				SWIFT_EMIT_LOC_STRINGS = YES;
				SWIFT_VERSION = 5.0;
				TARGETED_DEVICE_FAMILY = "1,2";
			};
			name = Debug;
		};
		B7FB2D39298C0B800007402E /* Release */ = {
			isa = XCBuildConfiguration;
			buildSettings = {
				ASSETCATALOG_COMPILER_APPICON_NAME = AppIcon;
				ASSETCATALOG_COMPILER_GLOBAL_ACCENT_COLOR_NAME = AccentColor;
				CODE_SIGN_STYLE = Automatic;
				CURRENT_PROJECT_VERSION = 1;
				DEVELOPMENT_TEAM = L24C9CN3G6;
				GENERATE_INFOPLIST_FILE = YES;
				INFOPLIST_FILE = FoodJournalApp/App/Info.plist;
				INFOPLIST_KEY_UIApplicationSupportsIndirectInputEvents = YES;
				INFOPLIST_KEY_UILaunchStoryboardName = LaunchScreen;
				INFOPLIST_KEY_UISupportedInterfaceOrientations_iPad = "UIInterfaceOrientationPortrait UIInterfaceOrientationPortraitUpsideDown UIInterfaceOrientationLandscapeLeft UIInterfaceOrientationLandscapeRight";
				INFOPLIST_KEY_UISupportedInterfaceOrientations_iPhone = "UIInterfaceOrientationPortrait UIInterfaceOrientationLandscapeLeft UIInterfaceOrientationLandscapeRight";
				LD_RUNPATH_SEARCH_PATHS = (
					"$(inherited)",
					"@executable_path/Frameworks",
				);
				MARKETING_VERSION = 1.0;
				PRODUCT_BUNDLE_IDENTIFIER = HakanAdanur.FoodJournalApp;
				PRODUCT_NAME = "$(TARGET_NAME)";
				SWIFT_EMIT_LOC_STRINGS = YES;
				SWIFT_VERSION = 5.0;
				TARGETED_DEVICE_FAMILY = "1,2";
			};
			name = Release;
		};
/* End XCBuildConfiguration section */

/* Begin XCConfigurationList section */
		B7FB2D1B298C0B7F0007402E /* Build configuration list for PBXProject "FoodJournalApp" */ = {
			isa = XCConfigurationList;
			buildConfigurations = (
				B7FB2D35298C0B800007402E /* Debug */,
				B7FB2D36298C0B800007402E /* Release */,
			);
			defaultConfigurationIsVisible = 0;
			defaultConfigurationName = Release;
		};
		B7FB2D37298C0B800007402E /* Build configuration list for PBXNativeTarget "FoodJournalApp" */ = {
			isa = XCConfigurationList;
			buildConfigurations = (
				B7FB2D38298C0B800007402E /* Debug */,
				B7FB2D39298C0B800007402E /* Release */,
			);
			defaultConfigurationIsVisible = 0;
			defaultConfigurationName = Release;
		};
/* End XCConfigurationList section */

/* Begin XCRemoteSwiftPackageReference section */
		B7FB2D4A298C0D560007402E /* XCRemoteSwiftPackageReference "UIScrollView-InfiniteScroll" */ = {
			isa = XCRemoteSwiftPackageReference;
			repositoryURL = "https://github.com/pronebird/UIScrollView-InfiniteScroll";
			requirement = {
				branch = master;
				kind = branch;
			};
		};
/* End XCRemoteSwiftPackageReference section */

/* Begin XCSwiftPackageProductDependency section */
		B7FB2D4B298C0D560007402E /* UIScrollView_InfiniteScroll */ = {
			isa = XCSwiftPackageProductDependency;
			package = B7FB2D4A298C0D560007402E /* XCRemoteSwiftPackageReference "UIScrollView-InfiniteScroll" */;
			productName = UIScrollView_InfiniteScroll;
		};
/* End XCSwiftPackageProductDependency section */

/* Begin XCVersionGroup section */
		B7FB2D2C298C0B7F0007402E /* FoodJournalApp.xcdatamodeld */ = {
			isa = XCVersionGroup;
			children = (
				B7FB2D2D298C0B7F0007402E /* FoodJournalApp.xcdatamodel */,
			);
			currentVersion = B7FB2D2D298C0B7F0007402E /* FoodJournalApp.xcdatamodel */;
			path = FoodJournalApp.xcdatamodeld;
			sourceTree = "<group>";
			versionGroupType = wrapper.xcdatamodel;
		};
/* End XCVersionGroup section */
	};
	rootObject = B7FB2D18298C0B7F0007402E /* Project object */;
}
